{
  "name": "agent-hardening-kit",
  "version": "0.1.1",
  "lockfileVersion": 3,
  "requires": true,
  "packages": {
    "": {
      "name": "agent-hardening-kit",
      "version": "0.1.1",
      "license": "MIT",
      "bin": {
        "agent-hardening-kit": "src/cli.js",
        "ahk": "src/cli.js"
      },
      "engines": {
        "node": ">=18"
      }
    }
  }
}
